github.com/notnoobmaster/luautil v1.4.10 h1:W7bVg+TCzR1odPohfb6Z6KrsG09w155MYBpjGlIFqcE=
github.com/notnoobmaster/luautil v1.4.10/go.mod h1:tWnDhktqUovLyBzODLB6PNX7XNS37/dAQFOtpbtecl4=
github.com/notnoobmaster/luautil v1.4.11 h1:HvTyYrxn194LXwz961DuP9o/9zI2WK7lQITukq1HYs8=
github.com/notnoobmaster/luautil v1.4.11/go.mod h1:tWnDhktqUovLyBzODLB6PNX7XNS37/dAQFOtpbtecl4=
